
Microsoft Visual Studio Solution File, Format Version 12.00
# Visual Studio Version 17
VisualStudioVersion = 17.9.34701.34
MinimumVisualStudioVersion = 10.0.40219.1
Project("{FAE04EC0-301F-11D3-BF4B-00C04F79EFBC}") = "Vegelog.Server", "Vegelog.Server\Vegelog.Server.csproj", "{454DC1D3-DABA-41E1-82B9-EA0CC6BB4278}"
EndProject
Project("{FAE04EC0-301F-11D3-BF4B-00C04F79EFBC}") = "Vegelog.Client", "Vegelog.Client\Vegelog.Client.csproj", "{FD1EDA20-ECFF-4C80-88EA-442B7BB94EA9}"
EndProject
Project("{FAE04EC0-301F-11D3-BF4B-00C04F79EFBC}") = "Vegelog.Shared", "Vegelog.Shared\Vegelog.Shared.csproj", "{C586D1E3-E60B-4FB3-9444-3C528CB20272}"
EndProject
Global
	GlobalSection(SolutionConfigurationPlatforms) = preSolution
		Debug|Any CPU = Debug|Any CPU
		Release|Any CPU = Release|Any CPU
	EndGlobalSection
	GlobalSection(ProjectConfigurationPlatforms) = postSolution
		{454DC1D3-DABA-41E1-82B9-EA0CC6BB4278}.Debug|Any CPU.ActiveCfg = Debug|Any CPU
		{454DC1D3-DABA-41E1-82B9-EA0CC6BB4278}.Debug|Any CPU.Build.0 = Debug|Any CPU
		{454DC1D3-DABA-41E1-82B9-EA0CC6BB4278}.Release|Any CPU.ActiveCfg = Release|Any CPU
		{454DC1D3-DABA-41E1-82B9-EA0CC6BB4278}.Release|Any CPU.Build.0 = Release|Any CPU
		{FD1EDA20-ECFF-4C80-88EA-442B7BB94EA9}.Debug|Any CPU.ActiveCfg = Debug|Any CPU
		{FD1EDA20-ECFF-4C80-88EA-442B7BB94EA9}.Debug|Any CPU.Build.0 = Debug|Any CPU
		{FD1EDA20-ECFF-4C80-88EA-442B7BB94EA9}.Release|Any CPU.ActiveCfg = Release|Any CPU
		{FD1EDA20-ECFF-4C80-88EA-442B7BB94EA9}.Release|Any CPU.Build.0 = Release|Any CPU
		{C586D1E3-E60B-4FB3-9444-3C528CB20272}.Debug|Any CPU.ActiveCfg = Debug|Any CPU
		{C586D1E3-E60B-4FB3-9444-3C528CB20272}.Debug|Any CPU.Build.0 = Debug|Any CPU
		{C586D1E3-E60B-4FB3-9444-3C528CB20272}.Release|Any CPU.ActiveCfg = Release|Any CPU
		{C586D1E3-E60B-4FB3-9444-3C528CB20272}.Release|Any CPU.Build.0 = Release|Any CPU
	EndGlobalSection
	GlobalSection(SolutionProperties) = preSolution
		HideSolutionNode = FALSE
	EndGlobalSection
	GlobalSection(ExtensibilityGlobals) = postSolution
		SolutionGuid = {1BC6839D-D75D-48E3-8B46-75431169C6D2}
	EndGlobalSection
EndGlobal
